
Microsoft Visual Studio Solution File, Format Version 12.00
# Visual Studio Version 17
VisualStudioVersion = 17.6.33801.468
MinimumVisualStudioVersion = 10.0.40219.1
Project("{FAE04EC0-301F-11D3-BF4B-00C04F79EFBC}") = "length_conv", "length_conv\length_conv.csproj", "{7D35F18E-9B7A-43A3-8C03-82D6E9DDBE31}"
EndProject
Global
	GlobalSection(SolutionConfigurationPlatforms) = preSolution
		Debug|Any CPU = Debug|Any CPU
		Release|Any CPU = Release|Any CPU
	EndGlobalSection
	GlobalSection(ProjectConfigurationPlatforms) = postSolution
		{7D35F18E-9B7A-43A3-8C03-82D6E9DDBE31}.Debug|Any CPU.ActiveCfg = Debug|Any CPU
		{7D35F18E-9B7A-43A3-8C03-82D6E9DDBE31}.Debug|Any CPU.Build.0 = Debug|Any CPU
		{7D35F18E-9B7A-43A3-8C03-82D6E9DDBE31}.Release|Any CPU.ActiveCfg = Release|Any CPU
		{7D35F18E-9B7A-43A3-8C03-82D6E9DDBE31}.Release|Any CPU.Build.0 = Release|Any CPU
	EndGlobalSection
	GlobalSection(SolutionProperties) = preSolution
		HideSolutionNode = FALSE
	EndGlobalSection
	GlobalSection(ExtensibilityGlobals) = postSolution
		SolutionGuid = {D33F5982-E83B-4940-A159-125FAD64BFEF}
	EndGlobalSection
EndGlobal
